
Microsoft Visual Studio Solution File, Format Version 12.00
# Visual Studio Version 17
VisualStudioVersion = 17.12.35707.178 d17.12
MinimumVisualStudioVersion = 10.0.40219.1
Project("{FAE04EC0-301F-11D3-BF4B-00C04F79EFBC}") = "TranslationsHelper", "TranslationsHelper\TranslationsHelper.csproj", "{381F4737-53C2-4E0A-A223-A6DBF4146CD5}"
EndProject
Global
	GlobalSection(SolutionConfigurationPlatforms) = preSolution
		Debug|Any CPU = Debug|Any CPU
		Release|Any CPU = Release|Any CPU
	EndGlobalSection
	GlobalSection(ProjectConfigurationPlatforms) = postSolution
		{381F4737-53C2-4E0A-A223-A6DBF4146CD5}.Debug|Any CPU.ActiveCfg = Debug|Any CPU
		{381F4737-53C2-4E0A-A223-A6DBF4146CD5}.Debug|Any CPU.Build.0 = Debug|Any CPU
		{381F4737-53C2-4E0A-A223-A6DBF4146CD5}.Release|Any CPU.ActiveCfg = Release|Any CPU
		{381F4737-53C2-4E0A-A223-A6DBF4146CD5}.Release|Any CPU.Build.0 = Release|Any CPU
	EndGlobalSection
	GlobalSection(SolutionProperties) = preSolution
		HideSolutionNode = FALSE
	EndGlobalSection
EndGlobal
